
Microsoft Visual Studio Solution File, Format Version 12.00
# Visual Studio Version 17
VisualStudioVersion = 17.10.35013.160
MinimumVisualStudioVersion = 10.0.40219.1
Project("{9A19103F-16F7-4668-BE54-9A1E7A4F7556}") = "Shape", "Shape\Shape.csproj", "{8894353F-BDF0-43E1-BCB5-B1219A9A2504}"
EndProject
Project("{9A19103F-16F7-4668-BE54-9A1E7A4F7556}") = "Shape.UnitTests", "Shape.UnitTests\Shape.UnitTests.csproj", "{23AED531-39AD-4122-A7DE-8EF75EAD9959}"
EndProject
Global
	GlobalSection(SolutionConfigurationPlatforms) = preSolution
		Debug|Any CPU = Debug|Any CPU
		Release|Any CPU = Release|Any CPU
	EndGlobalSection
	GlobalSection(ProjectConfigurationPlatforms) = postSolution
		{8894353F-BDF0-43E1-BCB5-B1219A9A2504}.Debug|Any CPU.ActiveCfg = Debug|Any CPU
		{8894353F-BDF0-43E1-BCB5-B1219A9A2504}.Debug|Any CPU.Build.0 = Debug|Any CPU
		{8894353F-BDF0-43E1-BCB5-B1219A9A2504}.Release|Any CPU.ActiveCfg = Release|Any CPU
		{8894353F-BDF0-43E1-BCB5-B1219A9A2504}.Release|Any CPU.Build.0 = Release|Any CPU
		{23AED531-39AD-4122-A7DE-8EF75EAD9959}.Debug|Any CPU.ActiveCfg = Debug|Any CPU
		{23AED531-39AD-4122-A7DE-8EF75EAD9959}.Debug|Any CPU.Build.0 = Debug|Any CPU
		{23AED531-39AD-4122-A7DE-8EF75EAD9959}.Release|Any CPU.ActiveCfg = Release|Any CPU
		{23AED531-39AD-4122-A7DE-8EF75EAD9959}.Release|Any CPU.Build.0 = Release|Any CPU
	EndGlobalSection
	GlobalSection(SolutionProperties) = preSolution
		HideSolutionNode = FALSE
	EndGlobalSection
	GlobalSection(ExtensibilityGlobals) = postSolution
		SolutionGuid = {8D481D46-8BDB-438A-8F34-E9976DE0C5EC}
	EndGlobalSection
EndGlobal
